// !$*UTF8*$!
{
	archiveVersion = 1;
	classes = {
	};
	objectVersion = 46;
	objects = {

/* Begin PBXBuildFile section */
		43DAE8EB1C772B9D00599158 /* main.m in Sources */ = {isa = PBXBuildFile; fileRef = 43DAE8EA1C772B9D00599158 /* main.m */; };
		43DAE8EE1C772B9D00599158 /* AppDelegate.m in Sources */ = {isa = PBXBuildFile; fileRef = 43DAE8ED1C772B9D00599158 /* AppDelegate.m */; };
		43DAE8F11C772B9D00599158 /* ViewController.m in Sources */ = {isa = PBXBuildFile; fileRef = 43DAE8F01C772B9D00599158 /* ViewController.m */; };
		43DAE8F41C772B9D00599158 /* Main.storyboard in Resources */ = {isa = PBXBuildFile; fileRef = 43DAE8F21C772B9D00599158 /* Main.storyboard */; };
		43DAE8F61C772B9D00599158 /* Assets.xcassets in Resources */ = {isa = PBXBuildFile; fileRef = 43DAE8F51C772B9D00599158 /* Assets.xcassets */; };
		43DAE8F91C772B9D00599158 /* LaunchScreen.storyboard in Resources */ = {isa = PBXBuildFile; fileRef = 43DAE8F71C772B9D00599158 /* LaunchScreen.storyboard */; };
		43DAE9041C772B9D00599158 /* runtimeTestTests.m in Sources */ = {isa = PBXBuildFile; fileRef = 43DAE9031C772B9D00599158 /* runtimeTestTests.m */; };
		43DAE90F1C772B9D00599158 /* runtimeTestUITests.m in Sources */ = {isa = PBXBuildFile; fileRef = 43DAE90E1C772B9D00599158 /* runtimeTestUITests.m */; };
		43DAE91E1C77341B00599158 /* TraversalViewController.m in Sources */ = {isa = PBXBuildFile; fileRef = 43DAE91D1C77341B00599158 /* TraversalViewController.m */; };
		43DAE9261C7839CE00599158 /* menu_item_can@3x.png in Resources */ = {isa = PBXBuildFile; fileRef = 43DAE9241C7839CE00599158 /* menu_item_can@3x.png */; };
		43DAE9291C7977F800599158 /* menu_item_h@2x.png in Resources */ = {isa = PBXBuildFile; fileRef = 43DAE9271C7977F800599158 /* menu_item_h@2x.png */; };
		43DAE92A1C7977F800599158 /* menu_item_h@3x.png in Resources */ = {isa = PBXBuildFile; fileRef = 43DAE9281C7977F800599158 /* menu_item_h@3x.png */; };
		43DAE92C1C797A7700599158 /* menu_item_can@2x.png in Resources */ = {isa = PBXBuildFile; fileRef = 43DAE92B1C797A7700599158 /* menu_item_can@2x.png */; };
		43DAE9321C79813100599158 /* NSMutableDictionary+CJMutableDictionary.m in Sources */ = {isa = PBXBuildFile; fileRef = 43DAE9311C79813100599158 /* NSMutableDictionary+CJMutableDictionary.m */; };
		43DAE9351C798D4600599158 /* NSMutableArray+CJNSMutableArray.m in Sources */ = {isa = PBXBuildFile; fileRef = 43DAE9341C798D4600599158 /* NSMutableArray+CJNSMutableArray.m */; };
		43DAE9381C798EB800599158 /* ExchangeViewController.m in Sources */ = {isa = PBXBuildFile; fileRef = 43DAE9371C798EB800599158 /* ExchangeViewController.m */; };
		43DAE93B1C79B75B00599158 /* UIButton+CJButton.m in Sources */ = {isa = PBXBuildFile; fileRef = 43DAE93A1C79B75B00599158 /* UIButton+CJButton.m */; };
		43DAE93E1C79BA4300599158 /* AssociatedViewController.m in Sources */ = {isa = PBXBuildFile; fileRef = 43DAE93D1C79BA4300599158 /* AssociatedViewController.m */; };
		B4BFC6C61FF3424700CA5AE1 /* NSObject+CJExtension.m in Sources */ = {isa = PBXBuildFile; fileRef = B4BFC6C51FF3424700CA5AE1 /* NSObject+CJExtension.m */; };
/* End PBXBuildFile section */

/* Begin PBXContainerItemProxy section */
		43DAE9001C772B9D00599158 /* PBXContainerItemProxy */ = {
			isa = PBXContainerItemProxy;
			containerPortal = 43DAE8DE1C772B9D00599158 /* Project object */;
			proxyType = 1;
			remoteGlobalIDString = 43DAE8E51C772B9D00599158;
			remoteInfo = runtimeTest;
		};
		43DAE90B1C772B9D00599158 /* PBXContainerItemProxy */ = {
			isa = PBXContainerItemProxy;
			containerPortal = 43DAE8DE1C772B9D00599158 /* Project object */;
			proxyType = 1;
			remoteGlobalIDString = 43DAE8E51C772B9D00599158;
			remoteInfo = runtimeTest;
		};
/* End PBXContainerItemProxy section */

/* Begin PBXFileReference section */
		43DAE8E61C772B9D00599158 /* runtimeTest.app */ = {isa = PBXFileReference; explicitFileType = wrapper.application; includeInIndex = 0; path = runtimeTest.app; sourceTree = BUILT_PRODUCTS_DIR; };
		43DAE8EA1C772B9D00599158 /* main.m */ = {isa = PBXFileReference; lastKnownFileType = sourcecode.c.objc; path = main.m; sourceTree = "<group>"; };
		43DAE8EC1C772B9D00599158 /* AppDelegate.h */ = {isa = PBXFileReference; lastKnownFileType = sourcecode.c.h; path = AppDelegate.h; sourceTree = "<group>"; };
		43DAE8ED1C772B9D00599158 /* AppDelegate.m */ = {isa = PBXFileReference; lastKnownFileType = sourcecode.c.objc; path = AppDelegate.m; sourceTree = "<group>"; };
		43DAE8EF1C772B9D00599158 /* ViewController.h */ = {isa = PBXFileReference; lastKnownFileType = sourcecode.c.h; path = ViewController.h; sourceTree = "<group>"; };
		43DAE8F01C772B9D00599158 /* ViewController.m */ = {isa = PBXFileReference; lastKnownFileType = sourcecode.c.objc; path = ViewController.m; sourceTree = "<group>"; };
		43DAE8F31C772B9D00599158 /* Base */ = {isa = PBXFileReference; lastKnownFileType = file.storyboard; name = Base; path = Base.lproj/Main.storyboard; sourceTree = "<group>"; };
		43DAE8F51C772B9D00599158 /* Assets.xcassets */ = {isa = PBXFileReference; lastKnownFileType = folder.assetcatalog; path = Assets.xcassets; sourceTree = "<group>"; };
		43DAE8F81C772B9D00599158 /* Base */ = {isa = PBXFileReference; lastKnownFileType = file.storyboard; name = Base; path = Base.lproj/LaunchScreen.storyboard; sourceTree = "<group>"; };
		43DAE8FA1C772B9D00599158 /* Info.plist */ = {isa = PBXFileReference; lastKnownFileType = text.plist.xml; path = Info.plist; sourceTree = "<group>"; };
		43DAE8FF1C772B9D00599158 /* runtimeTestTests.xctest */ = {isa = PBXFileReference; explicitFileType = wrapper.cfbundle; includeInIndex = 0; path = runtimeTestTests.xctest; sourceTree = BUILT_PRODUCTS_DIR; };
		43DAE9031C772B9D00599158 /* runtimeTestTests.m */ = {isa = PBXFileReference; lastKnownFileType = sourcecode.c.objc; path = runtimeTestTests.m; sourceTree = "<group>"; };
		43DAE9051C772B9D00599158 /* Info.plist */ = {isa = PBXFileReference; lastKnownFileType = text.plist.xml; path = Info.plist; sourceTree = "<group>"; };
		43DAE90A1C772B9D00599158 /* runtimeTestUITests.xctest */ = {isa = PBXFileReference; explicitFileType = wrapper.cfbundle; includeInIndex = 0; path = runtimeTestUITests.xctest; sourceTree = BUILT_PRODUCTS_DIR; };
		43DAE90E1C772B9D00599158 /* runtimeTestUITests.m */ = {isa = PBXFileReference; lastKnownFileType = sourcecode.c.objc; path = runtimeTestUITests.m; sourceTree = "<group>"; };
		43DAE9101C772B9D00599158 /* Info.plist */ = {isa = PBXFileReference; lastKnownFileType = text.plist.xml; path = Info.plist; sourceTree = "<group>"; };
		43DAE91C1C77341B00599158 /* TraversalViewController.h */ = {isa = PBXFileReference; fileEncoding = 4; lastKnownFileType = sourcecode.c.h; path = TraversalViewController.h; sourceTree = "<group>"; };
		43DAE91D1C77341B00599158 /* TraversalViewController.m */ = {isa = PBXFileReference; fileEncoding = 4; lastKnownFileType = sourcecode.c.objc; path = TraversalViewController.m; sourceTree = "<group>"; };
		43DAE9241C7839CE00599158 /* menu_item_can@3x.png */ = {isa = PBXFileReference; lastKnownFileType = image.png; path = "menu_item_can@3x.png"; sourceTree = "<group>"; };
		43DAE9271C7977F800599158 /* menu_item_h@2x.png */ = {isa = PBXFileReference; lastKnownFileType = image.png; path = "menu_item_h@2x.png"; sourceTree = "<group>"; };
		43DAE9281C7977F800599158 /* menu_item_h@3x.png */ = {isa = PBXFileReference; lastKnownFileType = image.png; path = "menu_item_h@3x.png"; sourceTree = "<group>"; };
		43DAE92B1C797A7700599158 /* menu_item_can@2x.png */ = {isa = PBXFileReference; lastKnownFileType = image.png; path = "menu_item_can@2x.png"; sourceTree = "<group>"; };
		43DAE9301C79813100599158 /* NSMutableDictionary+CJMutableDictionary.h */ = {isa = PBXFileReference; fileEncoding = 4; lastKnownFileType = sourcecode.c.h; path = "NSMutableDictionary+CJMutableDictionary.h"; sourceTree = "<group>"; };
		43DAE9311C79813100599158 /* NSMutableDictionary+CJMutableDictionary.m */ = {isa = PBXFileReference; fileEncoding = 4; lastKnownFileType = sourcecode.c.objc; path = "NSMutableDictionary+CJMutableDictionary.m"; sourceTree = "<group>"; };
		43DAE9331C798D4600599158 /* NSMutableArray+CJNSMutableArray.h */ = {isa = PBXFileReference; fileEncoding = 4; lastKnownFileType = sourcecode.c.h; path = "NSMutableArray+CJNSMutableArray.h"; sourceTree = "<group>"; };
		43DAE9341C798D4600599158 /* NSMutableArray+CJNSMutableArray.m */ = {isa = PBXFileReference; fileEncoding = 4; lastKnownFileType = sourcecode.c.objc; path = "NSMutableArray+CJNSMutableArray.m"; sourceTree = "<group>"; };
		43DAE9361C798EB800599158 /* ExchangeViewController.h */ = {isa = PBXFileReference; fileEncoding = 4; lastKnownFileType = sourcecode.c.h; path = ExchangeViewController.h; sourceTree = "<group>"; };
		43DAE9371C798EB800599158 /* ExchangeViewController.m */ = {isa = PBXFileReference; fileEncoding = 4; lastKnownFileType = sourcecode.c.objc; path = ExchangeViewController.m; sourceTree = "<group>"; };
		43DAE9391C79B75B00599158 /* UIButton+CJButton.h */ = {isa = PBXFileReference; fileEncoding = 4; lastKnownFileType = sourcecode.c.h; path = "UIButton+CJButton.h"; sourceTree = "<group>"; };
		43DAE93A1C79B75B00599158 /* UIButton+CJButton.m */ = {isa = PBXFileReference; fileEncoding = 4; lastKnownFileType = sourcecode.c.objc; path = "UIButton+CJButton.m"; sourceTree = "<group>"; };
		43DAE93C1C79BA4300599158 /* AssociatedViewController.h */ = {isa = PBXFileReference; fileEncoding = 4; lastKnownFileType = sourcecode.c.h; path = AssociatedViewController.h; sourceTree = "<group>"; };
		43DAE93D1C79BA4300599158 /* AssociatedViewController.m */ = {isa = PBXFileReference; fileEncoding = 4; lastKnownFileType = sourcecode.c.objc; path = AssociatedViewController.m; sourceTree = "<group>"; };
		B4BFC6C41FF3424700CA5AE1 /* NSObject+CJExtension.h */ = {isa = PBXFileReference; fileEncoding = 4; lastKnownFileType = sourcecode.c.h; path = "NSObject+CJExtension.h"; sourceTree = "<group>"; };
		B4BFC6C51FF3424700CA5AE1 /* NSObject+CJExtension.m */ = {isa = PBXFileReference; fileEncoding = 4; lastKnownFileType = sourcecode.c.objc; path = "NSObject+CJExtension.m"; sourceTree = "<group>"; };
/* End PBXFileReference section */

/* Begin PBXFrameworksBuildPhase section */
		43DAE8E31C772B9D00599158 /* Frameworks */ = {
			isa = PBXFrameworksBuildPhase;
			buildActionMask = 2147483647;
			files = (
			);
			runOnlyForDeploymentPostprocessing = 0;
		};
		43DAE8FC1C772B9D00599158 /* Frameworks */ = {
			isa = PBXFrameworksBuildPhase;
			buildActionMask = 2147483647;
			files = (
			);
			runOnlyForDeploymentPostprocessing = 0;
		};
		43DAE9071C772B9D00599158 /* Frameworks */ = {
			isa = PBXFrameworksBuildPhase;
			buildActionMask = 2147483647;
			files = (
			);
			runOnlyForDeploymentPostprocessing = 0;
		};
/* End PBXFrameworksBuildPhase section */

/* Begin PBXGroup section */
		43DAE8DD1C772B9D00599158 = {
			isa = PBXGroup;
			children = (
				43DAE8E81C772B9D00599158 /* runtimeTest */,
				43DAE9021C772B9D00599158 /* runtimeTestTests */,
				43DAE90D1C772B9D00599158 /* runtimeTestUITests */,
				43DAE8E71C772B9D00599158 /* Products */,
			);
			sourceTree = "<group>";
		};
		43DAE8E71C772B9D00599158 /* Products */ = {
			isa = PBXGroup;
			children = (
				43DAE8E61C772B9D00599158 /* runtimeTest.app */,
				43DAE8FF1C772B9D00599158 /* runtimeTestTests.xctest */,
				43DAE90A1C772B9D00599158 /* runtimeTestUITests.xctest */,
			);
			name = Products;
			sourceTree = "<group>";
		};
		43DAE8E81C772B9D00599158 /* runtimeTest */ = {
			isa = PBXGroup;
			children = (
				43DAE8EC1C772B9D00599158 /* AppDelegate.h */,
				43DAE8ED1C772B9D00599158 /* AppDelegate.m */,
				43DAE8EF1C772B9D00599158 /* ViewController.h */,
				43DAE8F01C772B9D00599158 /* ViewController.m */,
				43DAE91C1C77341B00599158 /* TraversalViewController.h */,
				43DAE91D1C77341B00599158 /* TraversalViewController.m */,
				43DAE9361C798EB800599158 /* ExchangeViewController.h */,
				43DAE9371C798EB800599158 /* ExchangeViewController.m */,
				43DAE93C1C79BA4300599158 /* AssociatedViewController.h */,
				43DAE93D1C79BA4300599158 /* AssociatedViewController.m */,
				43DAE9301C79813100599158 /* NSMutableDictionary+CJMutableDictionary.h */,
				43DAE9311C79813100599158 /* NSMutableDictionary+CJMutableDictionary.m */,
				43DAE9331C798D4600599158 /* NSMutableArray+CJNSMutableArray.h */,
				43DAE9341C798D4600599158 /* NSMutableArray+CJNSMutableArray.m */,
				43DAE9391C79B75B00599158 /* UIButton+CJButton.h */,
				43DAE93A1C79B75B00599158 /* UIButton+CJButton.m */,
				43DAE8F21C772B9D00599158 /* Main.storyboard */,
				43DAE8F51C772B9D00599158 /* Assets.xcassets */,
				43DAE8F71C772B9D00599158 /* LaunchScreen.storyboard */,
				43DAE8FA1C772B9D00599158 /* Info.plist */,
				B4BFC6C41FF3424700CA5AE1 /* NSObject+CJExtension.h */,
				B4BFC6C51FF3424700CA5AE1 /* NSObject+CJExtension.m */,
				43DAE8E91C772B9D00599158 /* Supporting Files */,
			);
			path = runtimeTest;
			sourceTree = "<group>";
		};
		43DAE8E91C772B9D00599158 /* Supporting Files */ = {
			isa = PBXGroup;
			children = (
				43DAE92B1C797A7700599158 /* menu_item_can@2x.png */,
				43DAE9241C7839CE00599158 /* menu_item_can@3x.png */,
				43DAE9271C7977F800599158 /* menu_item_h@2x.png */,
				43DAE9281C7977F800599158 /* menu_item_h@3x.png */,
				43DAE8EA1C772B9D00599158 /* main.m */,
			);
			name = "Supporting Files";
			sourceTree = "<group>";
		};
		43DAE9021C772B9D00599158 /* runtimeTestTests */ = {
			isa = PBXGroup;
			children = (
				43DAE9031C772B9D00599158 /* runtimeTestTests.m */,
				43DAE9051C772B9D00599158 /* Info.plist */,
			);
			path = runtimeTestTests;
			sourceTree = "<group>";
		};
		43DAE90D1C772B9D00599158 /* runtimeTestUITests */ = {
			isa = PBXGroup;
			children = (
				43DAE90E1C772B9D00599158 /* runtimeTestUITests.m */,
				43DAE9101C772B9D00599158 /* Info.plist */,
			);
			path = runtimeTestUITests;
			sourceTree = "<group>";
		};
/* End PBXGroup section */

/* Begin PBXNativeTarget section */
		43DAE8E51C772B9D00599158 /* runtimeTest */ = {
			isa = PBXNativeTarget;
			buildConfigurationList = 43DAE9131C772B9D00599158 /* Build configuration list for PBXNativeTarget "runtimeTest" */;
			buildPhases = (
				43DAE8E21C772B9D00599158 /* Sources */,
				43DAE8E31C772B9D00599158 /* Frameworks */,
				43DAE8E41C772B9D00599158 /* Resources */,
			);
			buildRules = (
			);
			dependencies = (
			);
			name = runtimeTest;
			productName = runtimeTest;
			productReference = 43DAE8E61C772B9D00599158 /* runtimeTest.app */;
			productType = "com.apple.product-type.application";
		};
		43DAE8FE1C772B9D00599158 /* runtimeTestTests */ = {
			isa = PBXNativeTarget;
			buildConfigurationList = 43DAE9161C772B9D00599158 /* Build configuration list for PBXNativeTarget "runtimeTestTests" */;
			buildPhases = (
				43DAE8FB1C772B9D00599158 /* Sources */,
				43DAE8FC1C772B9D00599158 /* Frameworks */,
				43DAE8FD1C772B9D00599158 /* Resources */,
			);
			buildRules = (
			);
			dependencies = (
				43DAE9011C772B9D00599158 /* PBXTargetDependency */,
			);
			name = runtimeTestTests;
			productName = runtimeTestTests;
			productReference = 43DAE8FF1C772B9D00599158 /* runtimeTestTests.xctest */;
			productType = "com.apple.product-type.bundle.unit-test";
		};
		43DAE9091C772B9D00599158 /* runtimeTestUITests */ = {
			isa = PBXNativeTarget;
			buildConfigurationList = 43DAE9191C772B9D00599158 /* Build configuration list for PBXNativeTarget "runtimeTestUITests" */;
			buildPhases = (
				43DAE9061C772B9D00599158 /* Sources */,
				43DAE9071C772B9D00599158 /* Frameworks */,
				43DAE9081C772B9D00599158 /* Resources */,
			);
			buildRules = (
			);
			dependencies = (
				43DAE90C1C772B9D00599158 /* PBXTargetDependency */,
			);
			name = runtimeTestUITests;
			productName = runtimeTestUITests;
			productReference = 43DAE90A1C772B9D00599158 /* runtimeTestUITests.xctest */;
			productType = "com.apple.product-type.bundle.ui-testing";
		};
/* End PBXNativeTarget section */

/* Begin PBXProject section */
		43DAE8DE1C772B9D00599158 /* Project object */ = {
			isa = PBXProject;
			attributes = {
				LastUpgradeCheck = 0700;
				ORGANIZATIONNAME = C.K.Lian;
				TargetAttributes = {
					43DAE8E51C772B9D00599158 = {
						CreatedOnToolsVersion = 7.0;
						DevelopmentTeam = 77MMW6NR5H;
						ProvisioningStyle = Manual;
					};
					43DAE8FE1C772B9D00599158 = {
						CreatedOnToolsVersion = 7.0;
						TestTargetID = 43DAE8E51C772B9D00599158;
					};
					43DAE9091C772B9D00599158 = {
						CreatedOnToolsVersion = 7.0;
						TestTargetID = 43DAE8E51C772B9D00599158;
					};
				};
			};
			buildConfigurationList = 43DAE8E11C772B9D00599158 /* Build configuration list for PBXProject "runtimeTest" */;
			compatibilityVersion = "Xcode 3.2";
			developmentRegion = English;
			hasScannedForEncodings = 0;
			knownRegions = (
				en,
				Base,
			);
			mainGroup = 43DAE8DD1C772B9D00599158;
			productRefGroup = 43DAE8E71C772B9D00599158 /* Products */;
			projectDirPath = "";
			projectRoot = "";
			targets = (
				43DAE8E51C772B9D00599158 /* runtimeTest */,
				43DAE8FE1C772B9D00599158 /* runtimeTestTests */,
				43DAE9091C772B9D00599158 /* runtimeTestUITests */,
			);
		};
/* End PBXProject section */

/* Begin PBXResourcesBuildPhase section */
		43DAE8E41C772B9D00599158 /* Resources */ = {
			isa = PBXResourcesBuildPhase;
			buildActionMask = 2147483647;
			files = (
				43DAE8F91C772B9D00599158 /* LaunchScreen.storyboard in Resources */,
				43DAE92A1C7977F800599158 /* menu_item_h@3x.png in Resources */,
				43DAE92C1C797A7700599158 /* menu_item_can@2x.png in Resources */,
				43DAE9291C7977F800599158 /* menu_item_h@2x.png in Resources */,
				43DAE8F61C772B9D00599158 /* Assets.xcassets in Resources */,
				43DAE8F41C772B9D00599158 /* Main.storyboard in Resources */,
				43DAE9261C7839CE00599158 /* menu_item_can@3x.png in Resources */,
			);
			runOnlyForDeploymentPostprocessing = 0;
		};
		43DAE8FD1C772B9D00599158 /* Resources */ = {
			isa = PBXResourcesBuildPhase;
			buildActionMask = 2147483647;
			files = (
			);
			runOnlyForDeploymentPostprocessing = 0;
		};
		43DAE9081C772B9D00599158 /* Resources */ = {
			isa = PBXResourcesBuildPhase;
			buildActionMask = 2147483647;
			files = (
			);
			runOnlyForDeploymentPostprocessing = 0;
		};
/* End PBXResourcesBuildPhase section */

/* Begin PBXSourcesBuildPhase section */
		43DAE8E21C772B9D00599158 /* Sources */ = {
			isa = PBXSourcesBuildPhase;
			buildActionMask = 2147483647;
			files = (
				43DAE8F11C772B9D00599158 /* ViewController.m in Sources */,
				43DAE8EE1C772B9D00599158 /* AppDelegate.m in Sources */,
				43DAE8EB1C772B9D00599158 /* main.m in Sources */,
				43DAE9381C798EB800599158 /* ExchangeViewController.m in Sources */,
				43DAE93B1C79B75B00599158 /* UIButton+CJButton.m in Sources */,
				B4BFC6C61FF3424700CA5AE1 /* NSObject+CJExtension.m in Sources */,
				43DAE93E1C79BA4300599158 /* AssociatedViewController.m in Sources */,
				43DAE91E1C77341B00599158 /* TraversalViewController.m in Sources */,
				43DAE9351C798D4600599158 /* NSMutableArray+CJNSMutableArray.m in Sources */,
				43DAE9321C79813100599158 /* NSMutableDictionary+CJMutableDictionary.m in Sources */,
			);
			runOnlyForDeploymentPostprocessing = 0;
		};
		43DAE8FB1C772B9D00599158 /* Sources */ = {
			isa = PBXSourcesBuildPhase;
			buildActionMask = 2147483647;
			files = (
				43DAE9041C772B9D00599158 /* runtimeTestTests.m in Sources */,
			);
			runOnlyForDeploymentPostprocessing = 0;
		};
		43DAE9061C772B9D00599158 /* Sources */ = {
			isa = PBXSourcesBuildPhase;
			buildActionMask = 2147483647;
			files = (
				43DAE90F1C772B9D00599158 /* runtimeTestUITests.m in Sources */,
			);
			runOnlyForDeploymentPostprocessing = 0;
		};
/* End PBXSourcesBuildPhase section */

/* Begin PBXTargetDependency section */
		43DAE9011C772B9D00599158 /* PBXTargetDependency */ = {
			isa = PBXTargetDependency;
			target = 43DAE8E51C772B9D00599158 /* runtimeTest */;
			targetProxy = 43DAE9001C772B9D00599158 /* PBXContainerItemProxy */;
		};
		43DAE90C1C772B9D00599158 /* PBXTargetDependency */ = {
			isa = PBXTargetDependency;
			target = 43DAE8E51C772B9D00599158 /* runtimeTest */;
			targetProxy = 43DAE90B1C772B9D00599158 /* PBXContainerItemProxy */;
		};
/* End PBXTargetDependency section */

/* Begin PBXVariantGroup section */
		43DAE8F21C772B9D00599158 /* Main.storyboard */ = {
			isa = PBXVariantGroup;
			children = (
				43DAE8F31C772B9D00599158 /* Base */,
			);
			name = Main.storyboard;
			sourceTree = "<group>";
		};
		43DAE8F71C772B9D00599158 /* LaunchScreen.storyboard */ = {
			isa = PBXVariantGroup;
			children = (
				43DAE8F81C772B9D00599158 /* Base */,
			);
			name = LaunchScreen.storyboard;
			sourceTree = "<group>";
		};
/* End PBXVariantGroup section */

/* Begin XCBuildConfiguration section */
		43DAE9111C772B9D00599158 /* Debug */ = {
			isa = XCBuildConfiguration;
			buildSettings = {
				ALWAYS_SEARCH_USER_PATHS = NO;
				CLANG_CXX_LANGUAGE_STANDARD = "gnu++0x";
				CLANG_CXX_LIBRARY = "libc++";
				CLANG_ENABLE_MODULES = YES;
				CLANG_ENABLE_OBJC_ARC = YES;
				CLANG_WARN_BOOL_CONVERSION = YES;
				CLANG_WARN_CONSTANT_CONVERSION = YES;
				CLANG_WARN_DIRECT_OBJC_ISA_USAGE = YES_ERROR;
				CLANG_WARN_EMPTY_BODY = YES;
				CLANG_WARN_ENUM_CONVERSION = YES;
				CLANG_WARN_INT_CONVERSION = YES;
				CLANG_WARN_OBJC_ROOT_CLASS = YES_ERROR;
				CLANG_WARN_UNREACHABLE_CODE = YES;
				CLANG_WARN__DUPLICATE_METHOD_MATCH = YES;
				"CODE_SIGN_IDENTITY[sdk=iphoneos*]" = "iPhone Developer";
				COPY_PHASE_STRIP = NO;
				DEBUG_INFORMATION_FORMAT = dwarf;
				ENABLE_STRICT_OBJC_MSGSEND = YES;
				ENABLE_TESTABILITY = YES;
				GCC_C_LANGUAGE_STANDARD = gnu99;
				GCC_DYNAMIC_NO_PIC = NO;
				GCC_NO_COMMON_BLOCKS = YES;
				GCC_OPTIMIZATION_LEVEL = 0;
				GCC_PREPROCESSOR_DEFINITIONS = (
					"DEBUG=1",
					"$(inherited)",
				);
				GCC_WARN_64_TO_32_BIT_CONVERSION = YES;
				GCC_WARN_ABOUT_RETURN_TYPE = YES_ERROR;
				GCC_WARN_UNDECLARED_SELECTOR = YES;
				GCC_WARN_UNINITIALIZED_AUTOS = YES_AGGRESSIVE;
				GCC_WARN_UNUSED_FUNCTION = YES;
				GCC_WARN_UNUSED_VARIABLE = YES;
				IPHONEOS_DEPLOYMENT_TARGET = 9.0;
				MTL_ENABLE_DEBUG_INFO = YES;
				ONLY_ACTIVE_ARCH = YES;
				SDKROOT = iphoneos;
				TARGETED_DEVICE_FAMILY = "1,2";
			};
			name = Debug;
		};
		43DAE9121C772B9D00599158 /* Release */ = {
			isa = XCBuildConfiguration;
			buildSettings = {
				ALWAYS_SEARCH_USER_PATHS = NO;
				CLANG_CXX_LANGUAGE_STANDARD = "gnu++0x";
				CLANG_CXX_LIBRARY = "libc++";
				CLANG_ENABLE_MODULES = YES;
				CLANG_ENABLE_OBJC_ARC = YES;
				CLANG_WARN_BOOL_CONVERSION = YES;
				CLANG_WARN_CONSTANT_CONVERSION = YES;
				CLANG_WARN_DIRECT_OBJC_ISA_USAGE = YES_ERROR;
				CLANG_WARN_EMPTY_BODY = YES;
				CLANG_WARN_ENUM_CONVERSION = YES;
				CLANG_WARN_INT_CONVERSION = YES;
				CLANG_WARN_OBJC_ROOT_CLASS = YES_ERROR;
				CLANG_WARN_UNREACHABLE_CODE = YES;
				CLANG_WARN__DUPLICATE_METHOD_MATCH = YES;
				"CODE_SIGN_IDENTITY[sdk=iphoneos*]" = "iPhone Developer";
				COPY_PHASE_STRIP = NO;
				DEBUG_INFORMATION_FORMAT = "dwarf-with-dsym";
				ENABLE_NS_ASSERTIONS = NO;
				ENABLE_STRICT_OBJC_MSGSEND = YES;
				GCC_C_LANGUAGE_STANDARD = gnu99;
				GCC_NO_COMMON_BLOCKS = YES;
				GCC_WARN_64_TO_32_BIT_CONVERSION = YES;
				GCC_WARN_ABOUT_RETURN_TYPE = YES_ERROR;
				GCC_WARN_UNDECLARED_SELECTOR = YES;
				GCC_WARN_UNINITIALIZED_AUTOS = YES_AGGRESSIVE;
				GCC_WARN_UNUSED_FUNCTION = YES;
				GCC_WARN_UNUSED_VARIABLE = YES;
				IPHONEOS_DEPLOYMENT_TARGET = 9.0;
				MTL_ENABLE_DEBUG_INFO = NO;
				SDKROOT = iphoneos;
				TARGETED_DEVICE_FAMILY = "1,2";
				VALIDATE_PRODUCT = YES;
			};
			name = Release;
		};
		43DAE9141C772B9D00599158 /* Debug */ = {
			isa = XCBuildConfiguration;
			buildSettings = {
				ASSETCATALOG_COMPILER_APPICON_NAME = AppIcon;
				"CODE_SIGN_IDENTITY[sdk=iphoneos*]" = "iPhone Distribution";
				DEVELOPMENT_TEAM = 77MMW6NR5H;
				INFOPLIST_FILE = runtimeTest/Info.plist;
				LD_RUNPATH_SEARCH_PATHS = "$(inherited) @executable_path/Frameworks";
				PRODUCT_BUNDLE_IDENTIFIER = com.bitauto.ework;
				PRODUCT_NAME = "$(TARGET_NAME)";
				PROVISIONING_PROFILE = "523bc938-65e9-4301-907a-048884b84575";
				PROVISIONING_PROFILE_SPECIFIER = eworkpro_10.29;
			};
			name = Debug;
		};
		43DAE9151C772B9D00599158 /* Release */ = {
			isa = XCBuildConfiguration;
			buildSettings = {
				ASSETCATALOG_COMPILER_APPICON_NAME = AppIcon;
				"CODE_SIGN_IDENTITY[sdk=iphoneos*]" = "iPhone Distribution";
				DEVELOPMENT_TEAM = 77MMW6NR5H;
				INFOPLIST_FILE = runtimeTest/Info.plist;
				LD_RUNPATH_SEARCH_PATHS = "$(inherited) @executable_path/Frameworks";
				PRODUCT_BUNDLE_IDENTIFIER = com.bitauto.ework;
				PRODUCT_NAME = "$(TARGET_NAME)";
				PROVISIONING_PROFILE = "523bc938-65e9-4301-907a-048884b84575";
				PROVISIONING_PROFILE_SPECIFIER = eworkpro_10.29;
			};
			name = Release;
		};
		43DAE9171C772B9D00599158 /* Debug */ = {
			isa = XCBuildConfiguration;
			buildSettings = {
				BUNDLE_LOADER = "$(TEST_HOST)";
				INFOPLIST_FILE = runtimeTestTests/Info.plist;
				LD_RUNPATH_SEARCH_PATHS = "$(inherited) @executable_path/Frameworks @loader_path/Frameworks";
				PRODUCT_BUNDLE_IDENTIFIER = cj.runtimeTestTests;
				PRODUCT_NAME = "$(TARGET_NAME)";
				TEST_HOST = "$(BUILT_PRODUCTS_DIR)/runtimeTest.app/runtimeTest";
			};
			name = Debug;
		};
		43DAE9181C772B9D00599158 /* Release */ = {
			isa = XCBuildConfiguration;
			buildSettings = {
				BUNDLE_LOADER = "$(TEST_HOST)";
				INFOPLIST_FILE = runtimeTestTests/Info.plist;
				LD_RUNPATH_SEARCH_PATHS = "$(inherited) @executable_path/Frameworks @loader_path/Frameworks";
				PRODUCT_BUNDLE_IDENTIFIER = cj.runtimeTestTests;
				PRODUCT_NAME = "$(TARGET_NAME)";
				TEST_HOST = "$(BUILT_PRODUCTS_DIR)/runtimeTest.app/runtimeTest";
			};
			name = Release;
		};
		43DAE91A1C772B9D00599158 /* Debug */ = {
			isa = XCBuildConfiguration;
			buildSettings = {
				INFOPLIST_FILE = runtimeTestUITests/Info.plist;
				LD_RUNPATH_SEARCH_PATHS = "$(inherited) @executable_path/Frameworks @loader_path/Frameworks";
				PRODUCT_BUNDLE_IDENTIFIER = cj.runtimeTestUITests;
				PRODUCT_NAME = "$(TARGET_NAME)";
				TEST_TARGET_NAME = runtimeTest;
				USES_XCTRUNNER = YES;
			};
			name = Debug;
		};
		43DAE91B1C772B9D00599158 /* Release */ = {
			isa = XCBuildConfiguration;
			buildSettings = {
				INFOPLIST_FILE = runtimeTestUITests/Info.plist;
				LD_RUNPATH_SEARCH_PATHS = "$(inherited) @executable_path/Frameworks @loader_path/Frameworks";
				PRODUCT_BUNDLE_IDENTIFIER = cj.runtimeTestUITests;
				PRODUCT_NAME = "$(TARGET_NAME)";
				TEST_TARGET_NAME = runtimeTest;
				USES_XCTRUNNER = YES;
			};
			name = Release;
		};
/* End XCBuildConfiguration section */

/* Begin XCConfigurationList section */
		43DAE8E11C772B9D00599158 /* Build configuration list for PBXProject "runtimeTest" */ = {
			isa = XCConfigurationList;
			buildConfigurations = (
				43DAE9111C772B9D00599158 /* Debug */,
				43DAE9121C772B9D00599158 /* Release */,
			);
			defaultConfigurationIsVisible = 0;
			defaultConfigurationName = Release;
		};
		43DAE9131C772B9D00599158 /* Build configuration list for PBXNativeTarget "runtimeTest" */ = {
			isa = XCConfigurationList;
			buildConfigurations = (
				43DAE9141C772B9D00599158 /* Debug */,
				43DAE9151C772B9D00599158 /* Release */,
			);
			defaultConfigurationIsVisible = 0;
			defaultConfigurationName = Release;
		};
		43DAE9161C772B9D00599158 /* Build configuration list for PBXNativeTarget "runtimeTestTests" */ = {
			isa = XCConfigurationList;
			buildConfigurations = (
				43DAE9171C772B9D00599158 /* Debug */,
				43DAE9181C772B9D00599158 /* Release */,
			);
			defaultConfigurationIsVisible = 0;
			defaultConfigurationName = Release;
		};
		43DAE9191C772B9D00599158 /* Build configuration list for PBXNativeTarget "runtimeTestUITests" */ = {
			isa = XCConfigurationList;
			buildConfigurations = (
				43DAE91A1C772B9D00599158 /* Debug */,
				43DAE91B1C772B9D00599158 /* Release */,
			);
			defaultConfigurationIsVisible = 0;
			defaultConfigurationName = Release;
		};
/* End XCConfigurationList section */
	};
	rootObject = 43DAE8DE1C772B9D00599158 /* Project object */;
}
